
Microsoft Visual Studio Solution File, Format Version 12.00
Project("{FAE04EC0-301F-11D3-BF4B-00C04F79EFBC}") = "CarvedRock-BlazorServer", "CarvedRock-BlazorServer\CarvedRock-BlazorServer.csproj", "{AF8C0E73-E0D2-493C-BBA8-95183B5BC8BE}"
EndProject
Global
	GlobalSection(SolutionConfigurationPlatforms) = preSolution
		Debug|Any CPU = Debug|Any CPU
		Release|Any CPU = Release|Any CPU
	EndGlobalSection
	GlobalSection(ProjectConfigurationPlatforms) = postSolution
		{AF8C0E73-E0D2-493C-BBA8-95183B5BC8BE}.Debug|Any CPU.ActiveCfg = Debug|Any CPU
		{AF8C0E73-E0D2-493C-BBA8-95183B5BC8BE}.Debug|Any CPU.Build.0 = Debug|Any CPU
		{AF8C0E73-E0D2-493C-BBA8-95183B5BC8BE}.Release|Any CPU.ActiveCfg = Release|Any CPU
		{AF8C0E73-E0D2-493C-BBA8-95183B5BC8BE}.Release|Any CPU.Build.0 = Release|Any CPU
	EndGlobalSection
EndGlobal
